
Microsoft Visual Studio Solution File, Format Version 12.00
# Visual Studio 15
VisualStudioVersion = 15.0.27428.2015
MinimumVisualStudioVersion = 10.0.40219.1
Project("{FAE04EC0-301F-11D3-BF4B-00C04F79EFBC}") = "Niddle", "Niddle\Niddle.csproj", "{C28E8873-C88A-4EB1-A2C5-AF87BC05A117}"
EndProject
Project("{2150E333-8FDC-42A3-9474-1A3956D46DE8}") = "Tests", "Tests", "{AAC68F4F-62CD-4381-876F-3BF31A7F976C}"
EndProject
Project("{FAE04EC0-301F-11D3-BF4B-00C04F79EFBC}") = "Niddle.Test", "Tests\Niddle.Test\Niddle.Test.csproj", "{869AE6D5-B44B-4C9C-969F-48C83F752FEB}"
EndProject
Global
	GlobalSection(SolutionConfigurationPlatforms) = preSolution
		Debug|Any CPU = Debug|Any CPU
		Release|Any CPU = Release|Any CPU
	EndGlobalSection
	GlobalSection(ProjectConfigurationPlatforms) = postSolution
		{C28E8873-C88A-4EB1-A2C5-AF87BC05A117}.Debug|Any CPU.ActiveCfg = Debug|Any CPU
		{C28E8873-C88A-4EB1-A2C5-AF87BC05A117}.Debug|Any CPU.Build.0 = Debug|Any CPU
		{C28E8873-C88A-4EB1-A2C5-AF87BC05A117}.Release|Any CPU.ActiveCfg = Release|Any CPU
		{C28E8873-C88A-4EB1-A2C5-AF87BC05A117}.Release|Any CPU.Build.0 = Release|Any CPU
		{869AE6D5-B44B-4C9C-969F-48C83F752FEB}.Debug|Any CPU.ActiveCfg = Debug|Any CPU
		{869AE6D5-B44B-4C9C-969F-48C83F752FEB}.Debug|Any CPU.Build.0 = Debug|Any CPU
		{869AE6D5-B44B-4C9C-969F-48C83F752FEB}.Release|Any CPU.ActiveCfg = Release|Any CPU
		{869AE6D5-B44B-4C9C-969F-48C83F752FEB}.Release|Any CPU.Build.0 = Release|Any CPU
	EndGlobalSection
	GlobalSection(SolutionProperties) = preSolution
		HideSolutionNode = FALSE
	EndGlobalSection
	GlobalSection(NestedProjects) = preSolution
		{869AE6D5-B44B-4C9C-969F-48C83F752FEB} = {AAC68F4F-62CD-4381-876F-3BF31A7F976C}
	EndGlobalSection
	GlobalSection(ExtensibilityGlobals) = postSolution
		SolutionGuid = {5A4D80A4-F10C-4818-BE2A-47EBCEB6CCA3}
	EndGlobalSection
EndGlobal
